// !$*UTF8*$!
{
	archiveVersion = 1;
	classes = {
	};
	objectVersion = 55;
	objects = {

/* Begin PBXBuildFile section */
		04B325C9275B337100DA9307 /* AppDelegate.swift in Sources */ = {isa = PBXBuildFile; fileRef = 04B325C8275B337100DA9307 /* AppDelegate.swift */; };
		04B325CB275B337100DA9307 /* SceneDelegate.swift in Sources */ = {isa = PBXBuildFile; fileRef = 04B325CA275B337100DA9307 /* SceneDelegate.swift */; };
		04B325CD275B337100DA9307 /* ExploreViewController.swift in Sources */ = {isa = PBXBuildFile; fileRef = 04B325CC275B337100DA9307 /* ExploreViewController.swift */; };
		04B325D0275B337100DA9307 /* Main.storyboard in Resources */ = {isa = PBXBuildFile; fileRef = 04B325CE275B337100DA9307 /* Main.storyboard */; };
		04B325D2275B337300DA9307 /* Assets.xcassets in Resources */ = {isa = PBXBuildFile; fileRef = 04B325D1275B337300DA9307 /* Assets.xcassets */; };
		04B325D5275B337300DA9307 /* LaunchScreen.storyboard in Resources */ = {isa = PBXBuildFile; fileRef = 04B325D3275B337300DA9307 /* LaunchScreen.storyboard */; };
		04B325DD275B37A000DA9307 /* TabBarController.swift in Sources */ = {isa = PBXBuildFile; fileRef = 04B325DC275B37A000DA9307 /* TabBarController.swift */; };
		04B325DF275B382A00DA9307 /* FavouriteViewController.swift in Sources */ = {isa = PBXBuildFile; fileRef = 04B325DE275B382A00DA9307 /* FavouriteViewController.swift */; };
		04B325E1275B384500DA9307 /* NotificationViewController.swift in Sources */ = {isa = PBXBuildFile; fileRef = 04B325E0275B384500DA9307 /* NotificationViewController.swift */; };
		04B325E3275B385F00DA9307 /* ChatViewController.swift in Sources */ = {isa = PBXBuildFile; fileRef = 04B325E2275B385F00DA9307 /* ChatViewController.swift */; };
		04B325E5275B400F00DA9307 /* CartViewController.swift in Sources */ = {isa = PBXBuildFile; fileRef = 04B325E4275B400F00DA9307 /* CartViewController.swift */; };
		04B325E7275B4E0E00DA9307 /* ExploreViewControllerExtension.swift in Sources */ = {isa = PBXBuildFile; fileRef = 04B325E6275B4E0E00DA9307 /* ExploreViewControllerExtension.swift */; };
		04B325F0275BE3E800DA9307 /* UIViewExtension.swift in Sources */ = {isa = PBXBuildFile; fileRef = 04B325EF275BE3E800DA9307 /* UIViewExtension.swift */; };
/* End PBXBuildFile section */

/* Begin PBXFileReference section */
		04B325C5275B337100DA9307 /* CarsApp.app */ = {isa = PBXFileReference; explicitFileType = wrapper.application; includeInIndex = 0; path = CarsApp.app; sourceTree = BUILT_PRODUCTS_DIR; };
		04B325C8275B337100DA9307 /* AppDelegate.swift */ = {isa = PBXFileReference; lastKnownFileType = sourcecode.swift; path = AppDelegate.swift; sourceTree = "<group>"; };
		04B325CA275B337100DA9307 /* SceneDelegate.swift */ = {isa = PBXFileReference; lastKnownFileType = sourcecode.swift; path = SceneDelegate.swift; sourceTree = "<group>"; };
		04B325CC275B337100DA9307 /* ExploreViewController.swift */ = {isa = PBXFileReference; lastKnownFileType = sourcecode.swift; path = ExploreViewController.swift; sourceTree = "<group>"; };
		04B325CF275B337100DA9307 /* Base */ = {isa = PBXFileReference; lastKnownFileType = file.storyboard; name = Base; path = Base.lproj/Main.storyboard; sourceTree = "<group>"; };
		04B325D1275B337300DA9307 /* Assets.xcassets */ = {isa = PBXFileReference; lastKnownFileType = folder.assetcatalog; path = Assets.xcassets; sourceTree = "<group>"; };
		04B325D4275B337300DA9307 /* Base */ = {isa = PBXFileReference; lastKnownFileType = file.storyboard; name = Base; path = Base.lproj/LaunchScreen.storyboard; sourceTree = "<group>"; };
		04B325D6275B337300DA9307 /* Info.plist */ = {isa = PBXFileReference; lastKnownFileType = text.plist.xml; path = Info.plist; sourceTree = "<group>"; };
		04B325DC275B37A000DA9307 /* TabBarController.swift */ = {isa = PBXFileReference; lastKnownFileType = sourcecode.swift; path = TabBarController.swift; sourceTree = "<group>"; };
		04B325DE275B382A00DA9307 /* FavouriteViewController.swift */ = {isa = PBXFileReference; lastKnownFileType = sourcecode.swift; path = FavouriteViewController.swift; sourceTree = "<group>"; };
		04B325E0275B384500DA9307 /* NotificationViewController.swift */ = {isa = PBXFileReference; lastKnownFileType = sourcecode.swift; path = NotificationViewController.swift; sourceTree = "<group>"; };
		04B325E2275B385F00DA9307 /* ChatViewController.swift */ = {isa = PBXFileReference; lastKnownFileType = sourcecode.swift; path = ChatViewController.swift; sourceTree = "<group>"; };
		04B325E4275B400F00DA9307 /* CartViewController.swift */ = {isa = PBXFileReference; lastKnownFileType = sourcecode.swift; path = CartViewController.swift; sourceTree = "<group>"; };
		04B325E6275B4E0E00DA9307 /* ExploreViewControllerExtension.swift */ = {isa = PBXFileReference; lastKnownFileType = sourcecode.swift; path = ExploreViewControllerExtension.swift; sourceTree = "<group>"; };
		04B325EF275BE3E800DA9307 /* UIViewExtension.swift */ = {isa = PBXFileReference; lastKnownFileType = sourcecode.swift; path = UIViewExtension.swift; sourceTree = "<group>"; };
/* End PBXFileReference section */

/* Begin PBXFrameworksBuildPhase section */
		04B325C2275B337100DA9307 /* Frameworks */ = {
			isa = PBXFrameworksBuildPhase;
			buildActionMask = 2147483647;
			files = (
			);
			runOnlyForDeploymentPostprocessing = 0;
		};
/* End PBXFrameworksBuildPhase section */

/* Begin PBXGroup section */
		04B325BC275B337100DA9307 = {
			isa = PBXGroup;
			children = (
				04B325C7275B337100DA9307 /* CarsApp */,
				04B325C6275B337100DA9307 /* Products */,
			);
			sourceTree = "<group>";
		};
		04B325C6275B337100DA9307 /* Products */ = {
			isa = PBXGroup;
			children = (
				04B325C5275B337100DA9307 /* CarsApp.app */,
			);
			name = Products;
			sourceTree = "<group>";
		};
		04B325C7275B337100DA9307 /* CarsApp */ = {
			isa = PBXGroup;
			children = (
				04B325ED275BDF6F00DA9307 /* Network */,
				04B325EC275BDF5900DA9307 /* ViewModel */,
				04B325EB275BDF4F00DA9307 /* Model */,
				04B325EA275BDF4000DA9307 /* View */,
				04B325E9275BDF3400DA9307 /* Delegates */,
				04B325E8275BDF0300DA9307 /* ViewControllers */,
				04B325D1275B337300DA9307 /* Assets.xcassets */,
				04B325D6275B337300DA9307 /* Info.plist */,
			);
			path = CarsApp;
			sourceTree = "<group>";
		};
		04B325E8275BDF0300DA9307 /* ViewControllers */ = {
			isa = PBXGroup;
			children = (
				04B325EE275BDF9A00DA9307 /* Extension */,
				04B325CC275B337100DA9307 /* ExploreViewController.swift */,
				04B325DE275B382A00DA9307 /* FavouriteViewController.swift */,
				04B325E0275B384500DA9307 /* NotificationViewController.swift */,
				04B325E2275B385F00DA9307 /* ChatViewController.swift */,
				04B325E4275B400F00DA9307 /* CartViewController.swift */,
				04B325DC275B37A000DA9307 /* TabBarController.swift */,
			);
			path = ViewControllers;
			sourceTree = "<group>";
		};
		04B325E9275BDF3400DA9307 /* Delegates */ = {
			isa = PBXGroup;
			children = (
				04B325C8275B337100DA9307 /* AppDelegate.swift */,
				04B325CA275B337100DA9307 /* SceneDelegate.swift */,
			);
			path = Delegates;
			sourceTree = "<group>";
		};
		04B325EA275BDF4000DA9307 /* View */ = {
			isa = PBXGroup;
			children = (
				04B325CE275B337100DA9307 /* Main.storyboard */,
				04B325D3275B337300DA9307 /* LaunchScreen.storyboard */,
			);
			path = View;
			sourceTree = "<group>";
		};
		04B325EB275BDF4F00DA9307 /* Model */ = {
			isa = PBXGroup;
			children = (
			);
			path = Model;
			sourceTree = "<group>";
		};
		04B325EC275BDF5900DA9307 /* ViewModel */ = {
			isa = PBXGroup;
			children = (
			);
			path = ViewModel;
			sourceTree = "<group>";
		};
		04B325ED275BDF6F00DA9307 /* Network */ = {
			isa = PBXGroup;
			children = (
			);
			path = Network;
			sourceTree = "<group>";
		};
		04B325EE275BDF9A00DA9307 /* Extension */ = {
			isa = PBXGroup;
			children = (
				04B325E6275B4E0E00DA9307 /* ExploreViewControllerExtension.swift */,
				04B325EF275BE3E800DA9307 /* UIViewExtension.swift */,
			);
			path = Extension;
			sourceTree = "<group>";
		};
/* End PBXGroup section */

/* Begin PBXNativeTarget section */
		04B325C4275B337100DA9307 /* CarsApp */ = {
			isa = PBXNativeTarget;
			buildConfigurationList = 04B325D9275B337300DA9307 /* Build configuration list for PBXNativeTarget "CarsApp" */;
			buildPhases = (
				04B325C1275B337100DA9307 /* Sources */,
				04B325C2275B337100DA9307 /* Frameworks */,
				04B325C3275B337100DA9307 /* Resources */,
			);
			buildRules = (
			);
			dependencies = (
			);
			name = CarsApp;
			productName = CarsApp;
			productReference = 04B325C5275B337100DA9307 /* CarsApp.app */;
			productType = "com.apple.product-type.application";
		};
/* End PBXNativeTarget section */

/* Begin PBXProject section */
		04B325BD275B337100DA9307 /* Project object */ = {
			isa = PBXProject;
			attributes = {
				BuildIndependentTargetsInParallel = 1;
				LastSwiftUpdateCheck = 1310;
				LastUpgradeCheck = 1310;
				TargetAttributes = {
					04B325C4275B337100DA9307 = {
						CreatedOnToolsVersion = 13.1;
					};
				};
			};
			buildConfigurationList = 04B325C0275B337100DA9307 /* Build configuration list for PBXProject "CarsApp" */;
			compatibilityVersion = "Xcode 13.0";
			developmentRegion = en;
			hasScannedForEncodings = 0;
			knownRegions = (
				en,
				Base,
			);
			mainGroup = 04B325BC275B337100DA9307;
			productRefGroup = 04B325C6275B337100DA9307 /* Products */;
			projectDirPath = "";
			projectRoot = "";
			targets = (
				04B325C4275B337100DA9307 /* CarsApp */,
			);
		};
/* End PBXProject section */

/* Begin PBXResourcesBuildPhase section */
		04B325C3275B337100DA9307 /* Resources */ = {
			isa = PBXResourcesBuildPhase;
			buildActionMask = 2147483647;
			files = (
				04B325D5275B337300DA9307 /* LaunchScreen.storyboard in Resources */,
				04B325D2275B337300DA9307 /* Assets.xcassets in Resources */,
				04B325D0275B337100DA9307 /* Main.storyboard in Resources */,
			);
			runOnlyForDeploymentPostprocessing = 0;
		};
/* End PBXResourcesBuildPhase section */

/* Begin PBXSourcesBuildPhase section */
		04B325C1275B337100DA9307 /* Sources */ = {
			isa = PBXSourcesBuildPhase;
			buildActionMask = 2147483647;
			files = (
				04B325F0275BE3E800DA9307 /* UIViewExtension.swift in Sources */,
				04B325DD275B37A000DA9307 /* TabBarController.swift in Sources */,
				04B325CD275B337100DA9307 /* ExploreViewController.swift in Sources */,
				04B325E1275B384500DA9307 /* NotificationViewController.swift in Sources */,
				04B325E3275B385F00DA9307 /* ChatViewController.swift in Sources */,
				04B325E5275B400F00DA9307 /* CartViewController.swift in Sources */,
				04B325E7275B4E0E00DA9307 /* ExploreViewControllerExtension.swift in Sources */,
				04B325C9275B337100DA9307 /* AppDelegate.swift in Sources */,
				04B325DF275B382A00DA9307 /* FavouriteViewController.swift in Sources */,
				04B325CB275B337100DA9307 /* SceneDelegate.swift in Sources */,
			);
			runOnlyForDeploymentPostprocessing = 0;
		};
/* End PBXSourcesBuildPhase section */

/* Begin PBXVariantGroup section */
		04B325CE275B337100DA9307 /* Main.storyboard */ = {
			isa = PBXVariantGroup;
			children = (
				04B325CF275B337100DA9307 /* Base */,
			);
			name = Main.storyboard;
			sourceTree = "<group>";
		};
		04B325D3275B337300DA9307 /* LaunchScreen.storyboard */ = {
			isa = PBXVariantGroup;
			children = (
				04B325D4275B337300DA9307 /* Base */,
			);
			name = LaunchScreen.storyboard;
			sourceTree = "<group>";
		};
/* End PBXVariantGroup section */

/* Begin XCBuildConfiguration section */
		04B325D7275B337300DA9307 /* Debug */ = {
			isa = XCBuildConfiguration;
			buildSettings = {
				ALWAYS_SEARCH_USER_PATHS = NO;
				CLANG_ANALYZER_NONNULL = YES;
				CLANG_ANALYZER_NUMBER_OBJECT_CONVERSION = YES_AGGRESSIVE;
				CLANG_CXX_LANGUAGE_STANDARD = "gnu++17";
				CLANG_CXX_LIBRARY = "libc++";
				CLANG_ENABLE_MODULES = YES;
				CLANG_ENABLE_OBJC_ARC = YES;
				CLANG_ENABLE_OBJC_WEAK = YES;
				CLANG_WARN_BLOCK_CAPTURE_AUTORELEASING = YES;
				CLANG_WARN_BOOL_CONVERSION = YES;
				CLANG_WARN_COMMA = YES;
				CLANG_WARN_CONSTANT_CONVERSION = YES;
				CLANG_WARN_DEPRECATED_OBJC_IMPLEMENTATIONS = YES;
				CLANG_WARN_DIRECT_OBJC_ISA_USAGE = YES_ERROR;
				CLANG_WARN_DOCUMENTATION_COMMENTS = YES;
				CLANG_WARN_EMPTY_BODY = YES;
				CLANG_WARN_ENUM_CONVERSION = YES;
				CLANG_WARN_INFINITE_RECURSION = YES;
				CLANG_WARN_INT_CONVERSION = YES;
				CLANG_WARN_NON_LITERAL_NULL_CONVERSION = YES;
				CLANG_WARN_OBJC_IMPLICIT_RETAIN_SELF = YES;
				CLANG_WARN_OBJC_LITERAL_CONVERSION = YES;
				CLANG_WARN_OBJC_ROOT_CLASS = YES_ERROR;
				CLANG_WARN_QUOTED_INCLUDE_IN_FRAMEWORK_HEADER = YES;
				CLANG_WARN_RANGE_LOOP_ANALYSIS = YES;
				CLANG_WARN_STRICT_PROTOTYPES = YES;
				CLANG_WARN_SUSPICIOUS_MOVE = YES;
				CLANG_WARN_UNGUARDED_AVAILABILITY = YES_AGGRESSIVE;
				CLANG_WARN_UNREACHABLE_CODE = YES;
				CLANG_WARN__DUPLICATE_METHOD_MATCH = YES;
				COPY_PHASE_STRIP = NO;
				DEBUG_INFORMATION_FORMAT = dwarf;
				ENABLE_STRICT_OBJC_MSGSEND = YES;
				ENABLE_TESTABILITY = YES;
				GCC_C_LANGUAGE_STANDARD = gnu11;
				GCC_DYNAMIC_NO_PIC = NO;
				GCC_NO_COMMON_BLOCKS = YES;
				GCC_OPTIMIZATION_LEVEL = 0;
				GCC_PREPROCESSOR_DEFINITIONS = (
					"DEBUG=1",
					"$(inherited)",
				);
				GCC_WARN_64_TO_32_BIT_CONVERSION = YES;
				GCC_WARN_ABOUT_RETURN_TYPE = YES_ERROR;
				GCC_WARN_UNDECLARED_SELECTOR = YES;
				GCC_WARN_UNINITIALIZED_AUTOS = YES_AGGRESSIVE;
				GCC_WARN_UNUSED_FUNCTION = YES;
				GCC_WARN_UNUSED_VARIABLE = YES;
				IPHONEOS_DEPLOYMENT_TARGET = 15.0;
				MTL_ENABLE_DEBUG_INFO = INCLUDE_SOURCE;
				MTL_FAST_MATH = YES;
				ONLY_ACTIVE_ARCH = YES;
				SDKROOT = iphoneos;
				SWIFT_ACTIVE_COMPILATION_CONDITIONS = DEBUG;
				SWIFT_OPTIMIZATION_LEVEL = "-Onone";
			};
			name = Debug;
		};
		04B325D8275B337300DA9307 /* Release */ = {
			isa = XCBuildConfiguration;
			buildSettings = {
				ALWAYS_SEARCH_USER_PATHS = NO;
				CLANG_ANALYZER_NONNULL = YES;
				CLANG_ANALYZER_NUMBER_OBJECT_CONVERSION = YES_AGGRESSIVE;
				CLANG_CXX_LANGUAGE_STANDARD = "gnu++17";
				CLANG_CXX_LIBRARY = "libc++";
				CLANG_ENABLE_MODULES = YES;
				CLANG_ENABLE_OBJC_ARC = YES;
				CLANG_ENABLE_OBJC_WEAK = YES;
				CLANG_WARN_BLOCK_CAPTURE_AUTORELEASING = YES;
				CLANG_WARN_BOOL_CONVERSION = YES;
				CLANG_WARN_COMMA = YES;
				CLANG_WARN_CONSTANT_CONVERSION = YES;
				CLANG_WARN_DEPRECATED_OBJC_IMPLEMENTATIONS = YES;
				CLANG_WARN_DIRECT_OBJC_ISA_USAGE = YES_ERROR;
				CLANG_WARN_DOCUMENTATION_COMMENTS = YES;
				CLANG_WARN_EMPTY_BODY = YES;
				CLANG_WARN_ENUM_CONVERSION = YES;
				CLANG_WARN_INFINITE_RECURSION = YES;
				CLANG_WARN_INT_CONVERSION = YES;
				CLANG_WARN_NON_LITERAL_NULL_CONVERSION = YES;
				CLANG_WARN_OBJC_IMPLICIT_RETAIN_SELF = YES;
				CLANG_WARN_OBJC_LITERAL_CONVERSION = YES;
				CLANG_WARN_OBJC_ROOT_CLASS = YES_ERROR;
				CLANG_WARN_QUOTED_INCLUDE_IN_FRAMEWORK_HEADER = YES;
				CLANG_WARN_RANGE_LOOP_ANALYSIS = YES;
				CLANG_WARN_STRICT_PROTOTYPES = YES;
				CLANG_WARN_SUSPICIOUS_MOVE = YES;
				CLANG_WARN_UNGUARDED_AVAILABILITY = YES_AGGRESSIVE;
				CLANG_WARN_UNREACHABLE_CODE = YES;
				CLANG_WARN__DUPLICATE_METHOD_MATCH = YES;
				COPY_PHASE_STRIP = NO;
				DEBUG_INFORMATION_FORMAT = "dwarf-with-dsym";
				ENABLE_NS_ASSERTIONS = NO;
				ENABLE_STRICT_OBJC_MSGSEND = YES;
				GCC_C_LANGUAGE_STANDARD = gnu11;
				GCC_NO_COMMON_BLOCKS = YES;
				GCC_WARN_64_TO_32_BIT_CONVERSION = YES;
				GCC_WARN_ABOUT_RETURN_TYPE = YES_ERROR;
				GCC_WARN_UNDECLARED_SELECTOR = YES;
				GCC_WARN_UNINITIALIZED_AUTOS = YES_AGGRESSIVE;
				GCC_WARN_UNUSED_FUNCTION = YES;
				GCC_WARN_UNUSED_VARIABLE = YES;
				IPHONEOS_DEPLOYMENT_TARGET = 15.0;
				MTL_ENABLE_DEBUG_INFO = NO;
				MTL_FAST_MATH = YES;
				SDKROOT = iphoneos;
				SWIFT_COMPILATION_MODE = wholemodule;
				SWIFT_OPTIMIZATION_LEVEL = "-O";
				VALIDATE_PRODUCT = YES;
			};
			name = Release;
		};
		04B325DA275B337300DA9307 /* Debug */ = {
			isa = XCBuildConfiguration;
			buildSettings = {
				ASSETCATALOG_COMPILER_APPICON_NAME = AppIcon;
				ASSETCATALOG_COMPILER_GLOBAL_ACCENT_COLOR_NAME = AccentColor;
				CODE_SIGN_STYLE = Automatic;
				CURRENT_PROJECT_VERSION = 1;
				DEVELOPMENT_TEAM = L5KQK28X5U;
				GENERATE_INFOPLIST_FILE = YES;
				INFOPLIST_FILE = CarsApp/Info.plist;
				INFOPLIST_KEY_UIApplicationSupportsIndirectInputEvents = YES;
				INFOPLIST_KEY_UILaunchStoryboardName = LaunchScreen;
				INFOPLIST_KEY_UIMainStoryboardFile = Main;
				INFOPLIST_KEY_UISupportedInterfaceOrientations_iPad = "UIInterfaceOrientationPortrait UIInterfaceOrientationPortraitUpsideDown UIInterfaceOrientationLandscapeLeft UIInterfaceOrientationLandscapeRight";
				INFOPLIST_KEY_UISupportedInterfaceOrientations_iPhone = "UIInterfaceOrientationPortrait UIInterfaceOrientationLandscapeLeft UIInterfaceOrientationLandscapeRight";
				LD_RUNPATH_SEARCH_PATHS = (
					"$(inherited)",
					"@executable_path/Frameworks",
				);
				MARKETING_VERSION = 1.0;
				PRODUCT_BUNDLE_IDENTIFIER = "com.dev-tes.CarsApp";
				PRODUCT_NAME = "$(TARGET_NAME)";
				SWIFT_EMIT_LOC_STRINGS = YES;
				SWIFT_VERSION = 5.0;
				TARGETED_DEVICE_FAMILY = "1,2";
			};
			name = Debug;
		};
		04B325DB275B337300DA9307 /* Release */ = {
			isa = XCBuildConfiguration;
			buildSettings = {
				ASSETCATALOG_COMPILER_APPICON_NAME = AppIcon;
				ASSETCATALOG_COMPILER_GLOBAL_ACCENT_COLOR_NAME = AccentColor;
				CODE_SIGN_STYLE = Automatic;
				CURRENT_PROJECT_VERSION = 1;
				DEVELOPMENT_TEAM = L5KQK28X5U;
				GENERATE_INFOPLIST_FILE = YES;
				INFOPLIST_FILE = CarsApp/Info.plist;
				INFOPLIST_KEY_UIApplicationSupportsIndirectInputEvents = YES;
				INFOPLIST_KEY_UILaunchStoryboardName = LaunchScreen;
				INFOPLIST_KEY_UIMainStoryboardFile = Main;
				INFOPLIST_KEY_UISupportedInterfaceOrientations_iPad = "UIInterfaceOrientationPortrait UIInterfaceOrientationPortraitUpsideDown UIInterfaceOrientationLandscapeLeft UIInterfaceOrientationLandscapeRight";
				INFOPLIST_KEY_UISupportedInterfaceOrientations_iPhone = "UIInterfaceOrientationPortrait UIInterfaceOrientationLandscapeLeft UIInterfaceOrientationLandscapeRight";
				LD_RUNPATH_SEARCH_PATHS = (
					"$(inherited)",
					"@executable_path/Frameworks",
				);
				MARKETING_VERSION = 1.0;
				PRODUCT_BUNDLE_IDENTIFIER = "com.dev-tes.CarsApp";
				PRODUCT_NAME = "$(TARGET_NAME)";
				SWIFT_EMIT_LOC_STRINGS = YES;
				SWIFT_VERSION = 5.0;
				TARGETED_DEVICE_FAMILY = "1,2";
			};
			name = Release;
		};
/* End XCBuildConfiguration section */

/* Begin XCConfigurationList section */
		04B325C0275B337100DA9307 /* Build configuration list for PBXProject "CarsApp" */ = {
			isa = XCConfigurationList;
			buildConfigurations = (
				04B325D7275B337300DA9307 /* Debug */,
				04B325D8275B337300DA9307 /* Release */,
			);
			defaultConfigurationIsVisible = 0;
			defaultConfigurationName = Release;
		};
		04B325D9275B337300DA9307 /* Build configuration list for PBXNativeTarget "CarsApp" */ = {
			isa = XCConfigurationList;
			buildConfigurations = (
				04B325DA275B337300DA9307 /* Debug */,
				04B325DB275B337300DA9307 /* Release */,
			);
			defaultConfigurationIsVisible = 0;
			defaultConfigurationName = Release;
		};
/* End XCConfigurationList section */
	};
	rootObject = 04B325BD275B337100DA9307 /* Project object */;
}
